
Microsoft Visual Studio Solution File, Format Version 12.00
# Visual Studio 15
VisualStudioVersion = 15.0.27428.2037
MinimumVisualStudioVersion = 10.0.40219.1
Project("{2150E333-8FDC-42A3-9474-1A3956D46DE8}") = "01 Framework 基础框架", "01 Framework 基础框架", "{52F113F1-C1E2-40C9-BB64-F57D758F6580}"
EndProject
Project("{2150E333-8FDC-42A3-9474-1A3956D46DE8}") = "02 扩展应用", "02 扩展应用", "{04A995DD-2573-496B-A11D-D22FADEC7215}"
EndProject
Project("{2150E333-8FDC-42A3-9474-1A3956D46DE8}") = "03 Domain 应用服务", "03 Domain 应用服务", "{68F1F245-A5D6-428A-9EDA-2A4F3522B956}"
EndProject
Project("{2150E333-8FDC-42A3-9474-1A3956D46DE8}") = "04 Web应用", "04 Web应用", "{6FF50782-0647-4055-9030-11D398662474}"
EndProject
Project("{2150E333-8FDC-42A3-9474-1A3956D46DE8}") = "01 Database 数据库", "01 Database 数据库", "{34E104D4-30D6-4F9E-8064-8A2F9ED7CD34}"
EndProject
Project("{FAE04EC0-301F-11D3-BF4B-00C04F79EFBC}") = "Qe.Database", "Qe.Database\Qe.Database.csproj", "{797474C2-5016-437A-A4F3-53FADD736535}"
EndProject
Project("{FAE04EC0-301F-11D3-BF4B-00C04F79EFBC}") = "Qe.Database.SqlServer", "Qe.Database.SqlServer\Qe.Database.SqlServer.csproj", "{65E51D02-6BD6-45B1-B1D2-66990D3F2B3F}"
EndProject
Project("{2150E333-8FDC-42A3-9474-1A3956D46DE8}") = "02 Util 基础类", "02 Util 基础类", "{059E527E-DCAD-49A8-A6AB-6F36A5FA0E06}"
EndProject
Project("{FAE04EC0-301F-11D3-BF4B-00C04F79EFBC}") = "Qe.Util", "Qe.Util\Qe.Util.csproj", "{678E48BF-EFBC-44A8-B847-27294CE97239}"
EndProject
Project("{FAE04EC0-301F-11D3-BF4B-00C04F79EFBC}") = "Qe.Database.Repository", "Qe.Database.Repository\Qe.Database.Repository.csproj", "{AD168F9B-4EC8-420A-A38A-1A4A0198275C}"
EndProject
Project("{2150E333-8FDC-42A3-9474-1A3956D46DE8}") = "03 Ioc 容器", "03 Ioc 容器", "{09842BC8-483B-4B36-896A-9F6BEE06BDBF}"
EndProject
Project("{FAE04EC0-301F-11D3-BF4B-00C04F79EFBC}") = "Qe.Ioc", "Qe.Ioc\Qe.Ioc.csproj", "{5E7109C5-182D-4CD5-8777-DE1AD1651CEA}"
EndProject
Global
	GlobalSection(SolutionConfigurationPlatforms) = preSolution
		Debug|Any CPU = Debug|Any CPU
		Release|Any CPU = Release|Any CPU
	EndGlobalSection
	GlobalSection(ProjectConfigurationPlatforms) = postSolution
		{797474C2-5016-437A-A4F3-53FADD736535}.Debug|Any CPU.ActiveCfg = Debug|Any CPU
		{797474C2-5016-437A-A4F3-53FADD736535}.Debug|Any CPU.Build.0 = Debug|Any CPU
		{797474C2-5016-437A-A4F3-53FADD736535}.Release|Any CPU.ActiveCfg = Release|Any CPU
		{797474C2-5016-437A-A4F3-53FADD736535}.Release|Any CPU.Build.0 = Release|Any CPU
		{65E51D02-6BD6-45B1-B1D2-66990D3F2B3F}.Debug|Any CPU.ActiveCfg = Debug|Any CPU
		{65E51D02-6BD6-45B1-B1D2-66990D3F2B3F}.Debug|Any CPU.Build.0 = Debug|Any CPU
		{65E51D02-6BD6-45B1-B1D2-66990D3F2B3F}.Release|Any CPU.ActiveCfg = Release|Any CPU
		{65E51D02-6BD6-45B1-B1D2-66990D3F2B3F}.Release|Any CPU.Build.0 = Release|Any CPU
		{678E48BF-EFBC-44A8-B847-27294CE97239}.Debug|Any CPU.ActiveCfg = Debug|Any CPU
		{678E48BF-EFBC-44A8-B847-27294CE97239}.Debug|Any CPU.Build.0 = Debug|Any CPU
		{678E48BF-EFBC-44A8-B847-27294CE97239}.Release|Any CPU.ActiveCfg = Release|Any CPU
		{678E48BF-EFBC-44A8-B847-27294CE97239}.Release|Any CPU.Build.0 = Release|Any CPU
		{AD168F9B-4EC8-420A-A38A-1A4A0198275C}.Debug|Any CPU.ActiveCfg = Debug|Any CPU
		{AD168F9B-4EC8-420A-A38A-1A4A0198275C}.Debug|Any CPU.Build.0 = Debug|Any CPU
		{AD168F9B-4EC8-420A-A38A-1A4A0198275C}.Release|Any CPU.ActiveCfg = Release|Any CPU
		{AD168F9B-4EC8-420A-A38A-1A4A0198275C}.Release|Any CPU.Build.0 = Release|Any CPU
		{5E7109C5-182D-4CD5-8777-DE1AD1651CEA}.Debug|Any CPU.ActiveCfg = Debug|Any CPU
		{5E7109C5-182D-4CD5-8777-DE1AD1651CEA}.Debug|Any CPU.Build.0 = Debug|Any CPU
		{5E7109C5-182D-4CD5-8777-DE1AD1651CEA}.Release|Any CPU.ActiveCfg = Release|Any CPU
		{5E7109C5-182D-4CD5-8777-DE1AD1651CEA}.Release|Any CPU.Build.0 = Release|Any CPU
	EndGlobalSection
	GlobalSection(SolutionProperties) = preSolution
		HideSolutionNode = FALSE
	EndGlobalSection
	GlobalSection(NestedProjects) = preSolution
		{34E104D4-30D6-4F9E-8064-8A2F9ED7CD34} = {52F113F1-C1E2-40C9-BB64-F57D758F6580}
		{797474C2-5016-437A-A4F3-53FADD736535} = {34E104D4-30D6-4F9E-8064-8A2F9ED7CD34}
		{65E51D02-6BD6-45B1-B1D2-66990D3F2B3F} = {34E104D4-30D6-4F9E-8064-8A2F9ED7CD34}
		{059E527E-DCAD-49A8-A6AB-6F36A5FA0E06} = {52F113F1-C1E2-40C9-BB64-F57D758F6580}
		{678E48BF-EFBC-44A8-B847-27294CE97239} = {059E527E-DCAD-49A8-A6AB-6F36A5FA0E06}
		{AD168F9B-4EC8-420A-A38A-1A4A0198275C} = {34E104D4-30D6-4F9E-8064-8A2F9ED7CD34}
		{09842BC8-483B-4B36-896A-9F6BEE06BDBF} = {52F113F1-C1E2-40C9-BB64-F57D758F6580}
		{5E7109C5-182D-4CD5-8777-DE1AD1651CEA} = {09842BC8-483B-4B36-896A-9F6BEE06BDBF}
	EndGlobalSection
	GlobalSection(ExtensibilityGlobals) = postSolution
		SolutionGuid = {B877664A-8895-4122-836A-40DD46F34483}
	EndGlobalSection
EndGlobal
